
Microsoft Visual Studio Solution File, Format Version 12.00
# Visual Studio 15
VisualStudioVersion = 15.0.28307.539
MinimumVisualStudioVersion = 10.0.40219.1
Project("{FAE04EC0-301F-11D3-BF4B-00C04F79EFBC}") = "build_one", "build_one\build_one.csproj", "{673EF4EE-CCB0-468C-A220-2C9E3359E234}"
EndProject
Global
	GlobalSection(SolutionConfigurationPlatforms) = preSolution
		Debug|Any CPU = Debug|Any CPU
		Release|Any CPU = Release|Any CPU
	EndGlobalSection
	GlobalSection(ProjectConfigurationPlatforms) = postSolution
		{673EF4EE-CCB0-468C-A220-2C9E3359E234}.Debug|Any CPU.ActiveCfg = Debug|Any CPU
		{673EF4EE-CCB0-468C-A220-2C9E3359E234}.Debug|Any CPU.Build.0 = Debug|Any CPU
		{673EF4EE-CCB0-468C-A220-2C9E3359E234}.Release|Any CPU.ActiveCfg = Release|Any CPU
		{673EF4EE-CCB0-468C-A220-2C9E3359E234}.Release|Any CPU.Build.0 = Release|Any CPU
	EndGlobalSection
	GlobalSection(SolutionProperties) = preSolution
		HideSolutionNode = FALSE
	EndGlobalSection
	GlobalSection(ExtensibilityGlobals) = postSolution
		SolutionGuid = {8C35893D-FD5B-4EBA-AC54-7FBE324C1C2B}
	EndGlobalSection
EndGlobal
